
Microsoft Visual Studio Solution File, Format Version 12.00
# Visual Studio 15
VisualStudioVersion = 15.0.28307.421
MinimumVisualStudioVersion = 10.0.40219.1
Project("{FAE04EC0-301F-11D3-BF4B-00C04F79EFBC}") = "EasyPhotoSketch.Android", "EasyPhotoSketch\EasyPhotoSketch.Android\EasyPhotoSketch.Android.csproj", "{4643D6E8-91B3-445C-A2CA-9600B3CA34AA}"
EndProject
Project("{FAE04EC0-301F-11D3-BF4B-00C04F79EFBC}") = "EasyPhotoSketch.iOS", "EasyPhotoSketch\EasyPhotoSketch.iOS\EasyPhotoSketch.iOS.csproj", "{6E45951A-8214-4370-B316-EE805607A0EF}"
EndProject
Project("{FAE04EC0-301F-11D3-BF4B-00C04F79EFBC}") = "EasyPhotoSketch", "EasyPhotoSketch\EasyPhotoSketch\EasyPhotoSketch.csproj", "{9CD5268F-2832-468C-AF3D-562D7316D6FE}"
EndProject
Global
	GlobalSection(SolutionConfigurationPlatforms) = preSolution
		Ad-Hoc|Any CPU = Ad-Hoc|Any CPU
		Ad-Hoc|iPhone = Ad-Hoc|iPhone
		Ad-Hoc|iPhoneSimulator = Ad-Hoc|iPhoneSimulator
		AppStore|Any CPU = AppStore|Any CPU
		AppStore|iPhone = AppStore|iPhone
		AppStore|iPhoneSimulator = AppStore|iPhoneSimulator
		Debug|Any CPU = Debug|Any CPU
		Debug|iPhone = Debug|iPhone
		Debug|iPhoneSimulator = Debug|iPhoneSimulator
		Release|Any CPU = Release|Any CPU
		Release|iPhone = Release|iPhone
		Release|iPhoneSimulator = Release|iPhoneSimulator
	EndGlobalSection
	GlobalSection(ProjectConfigurationPlatforms) = postSolution
		{4643D6E8-91B3-445C-A2CA-9600B3CA34AA}.Ad-Hoc|Any CPU.ActiveCfg = Release|Any CPU
		{4643D6E8-91B3-445C-A2CA-9600B3CA34AA}.Ad-Hoc|Any CPU.Build.0 = Release|Any CPU
		{4643D6E8-91B3-445C-A2CA-9600B3CA34AA}.Ad-Hoc|Any CPU.Deploy.0 = Release|Any CPU
		{4643D6E8-91B3-445C-A2CA-9600B3CA34AA}.Ad-Hoc|iPhone.ActiveCfg = Release|Any CPU
		{4643D6E8-91B3-445C-A2CA-9600B3CA34AA}.Ad-Hoc|iPhone.Build.0 = Release|Any CPU
		{4643D6E8-91B3-445C-A2CA-9600B3CA34AA}.Ad-Hoc|iPhone.Deploy.0 = Release|Any CPU
		{4643D6E8-91B3-445C-A2CA-9600B3CA34AA}.Ad-Hoc|iPhoneSimulator.ActiveCfg = Release|Any CPU
		{4643D6E8-91B3-445C-A2CA-9600B3CA34AA}.Ad-Hoc|iPhoneSimulator.Build.0 = Release|Any CPU
		{4643D6E8-91B3-445C-A2CA-9600B3CA34AA}.Ad-Hoc|iPhoneSimulator.Deploy.0 = Release|Any CPU
		{4643D6E8-91B3-445C-A2CA-9600B3CA34AA}.AppStore|Any CPU.ActiveCfg = Release|Any CPU
		{4643D6E8-91B3-445C-A2CA-9600B3CA34AA}.AppStore|Any CPU.Build.0 = Release|Any CPU
		{4643D6E8-91B3-445C-A2CA-9600B3CA34AA}.AppStore|Any CPU.Deploy.0 = Release|Any CPU
		{4643D6E8-91B3-445C-A2CA-9600B3CA34AA}.AppStore|iPhone.ActiveCfg = Release|Any CPU
		{4643D6E8-91B3-445C-A2CA-9600B3CA34AA}.AppStore|iPhone.Build.0 = Release|Any CPU
		{4643D6E8-91B3-445C-A2CA-9600B3CA34AA}.AppStore|iPhone.Deploy.0 = Release|Any CPU
		{4643D6E8-91B3-445C-A2CA-9600B3CA34AA}.AppStore|iPhoneSimulator.ActiveCfg = Release|Any CPU
		{4643D6E8-91B3-445C-A2CA-9600B3CA34AA}.AppStore|iPhoneSimulator.Build.0 = Release|Any CPU
		{4643D6E8-91B3-445C-A2CA-9600B3CA34AA}.AppStore|iPhoneSimulator.Deploy.0 = Release|Any CPU
		{4643D6E8-91B3-445C-A2CA-9600B3CA34AA}.Debug|Any CPU.ActiveCfg = Debug|Any CPU
		{4643D6E8-91B3-445C-A2CA-9600B3CA34AA}.Debug|Any CPU.Build.0 = Debug|Any CPU
		{4643D6E8-91B3-445C-A2CA-9600B3CA34AA}.Debug|Any CPU.Deploy.0 = Debug|Any CPU
		{4643D6E8-91B3-445C-A2CA-9600B3CA34AA}.Debug|iPhone.ActiveCfg = Debug|Any CPU
		{4643D6E8-91B3-445C-A2CA-9600B3CA34AA}.Debug|iPhone.Build.0 = Debug|Any CPU
		{4643D6E8-91B3-445C-A2CA-9600B3CA34AA}.Debug|iPhone.Deploy.0 = Debug|Any CPU
		{4643D6E8-91B3-445C-A2CA-9600B3CA34AA}.Debug|iPhoneSimulator.ActiveCfg = Debug|Any CPU
		{4643D6E8-91B3-445C-A2CA-9600B3CA34AA}.Debug|iPhoneSimulator.Build.0 = Debug|Any CPU
		{4643D6E8-91B3-445C-A2CA-9600B3CA34AA}.Debug|iPhoneSimulator.Deploy.0 = Debug|Any CPU
		{4643D6E8-91B3-445C-A2CA-9600B3CA34AA}.Release|Any CPU.ActiveCfg = Release|Any CPU
		{4643D6E8-91B3-445C-A2CA-9600B3CA34AA}.Release|Any CPU.Build.0 = Release|Any CPU
		{4643D6E8-91B3-445C-A2CA-9600B3CA34AA}.Release|Any CPU.Deploy.0 = Release|Any CPU
		{4643D6E8-91B3-445C-A2CA-9600B3CA34AA}.Release|iPhone.ActiveCfg = Release|Any CPU
		{4643D6E8-91B3-445C-A2CA-9600B3CA34AA}.Release|iPhone.Build.0 = Release|Any CPU
		{4643D6E8-91B3-445C-A2CA-9600B3CA34AA}.Release|iPhone.Deploy.0 = Release|Any CPU
		{4643D6E8-91B3-445C-A2CA-9600B3CA34AA}.Release|iPhoneSimulator.ActiveCfg = Release|Any CPU
		{4643D6E8-91B3-445C-A2CA-9600B3CA34AA}.Release|iPhoneSimulator.Build.0 = Release|Any CPU
		{4643D6E8-91B3-445C-A2CA-9600B3CA34AA}.Release|iPhoneSimulator.Deploy.0 = Release|Any CPU
		{6E45951A-8214-4370-B316-EE805607A0EF}.Ad-Hoc|Any CPU.ActiveCfg = Ad-Hoc|iPhone
		{6E45951A-8214-4370-B316-EE805607A0EF}.Ad-Hoc|Any CPU.Build.0 = Ad-Hoc|iPhone
		{6E45951A-8214-4370-B316-EE805607A0EF}.Ad-Hoc|Any CPU.Deploy.0 = Ad-Hoc|iPhone
		{6E45951A-8214-4370-B316-EE805607A0EF}.Ad-Hoc|iPhone.ActiveCfg = Ad-Hoc|iPhone
		{6E45951A-8214-4370-B316-EE805607A0EF}.Ad-Hoc|iPhone.Build.0 = Ad-Hoc|iPhone
		{6E45951A-8214-4370-B316-EE805607A0EF}.Ad-Hoc|iPhone.Deploy.0 = Ad-Hoc|iPhone
		{6E45951A-8214-4370-B316-EE805607A0EF}.Ad-Hoc|iPhoneSimulator.ActiveCfg = Ad-Hoc|iPhoneSimulator
		{6E45951A-8214-4370-B316-EE805607A0EF}.Ad-Hoc|iPhoneSimulator.Build.0 = Ad-Hoc|iPhoneSimulator
		{6E45951A-8214-4370-B316-EE805607A0EF}.Ad-Hoc|iPhoneSimulator.Deploy.0 = Ad-Hoc|iPhoneSimulator
		{6E45951A-8214-4370-B316-EE805607A0EF}.AppStore|Any CPU.ActiveCfg = AppStore|iPhone
		{6E45951A-8214-4370-B316-EE805607A0EF}.AppStore|Any CPU.Build.0 = AppStore|iPhone
		{6E45951A-8214-4370-B316-EE805607A0EF}.AppStore|Any CPU.Deploy.0 = AppStore|iPhone
		{6E45951A-8214-4370-B316-EE805607A0EF}.AppStore|iPhone.ActiveCfg = AppStore|iPhone
		{6E45951A-8214-4370-B316-EE805607A0EF}.AppStore|iPhone.Build.0 = AppStore|iPhone
		{6E45951A-8214-4370-B316-EE805607A0EF}.AppStore|iPhone.Deploy.0 = AppStore|iPhone
		{6E45951A-8214-4370-B316-EE805607A0EF}.AppStore|iPhoneSimulator.ActiveCfg = AppStore|iPhoneSimulator
		{6E45951A-8214-4370-B316-EE805607A0EF}.AppStore|iPhoneSimulator.Build.0 = AppStore|iPhoneSimulator
		{6E45951A-8214-4370-B316-EE805607A0EF}.AppStore|iPhoneSimulator.Deploy.0 = AppStore|iPhoneSimulator
		{6E45951A-8214-4370-B316-EE805607A0EF}.Debug|Any CPU.ActiveCfg = Debug|iPhoneSimulator
		{6E45951A-8214-4370-B316-EE805607A0EF}.Debug|Any CPU.Build.0 = Debug|iPhoneSimulator
		{6E45951A-8214-4370-B316-EE805607A0EF}.Debug|Any CPU.Deploy.0 = Debug|iPhoneSimulator
		{6E45951A-8214-4370-B316-EE805607A0EF}.Debug|iPhone.ActiveCfg = Debug|iPhone
		{6E45951A-8214-4370-B316-EE805607A0EF}.Debug|iPhone.Build.0 = Debug|iPhone
		{6E45951A-8214-4370-B316-EE805607A0EF}.Debug|iPhone.Deploy.0 = Debug|iPhone
		{6E45951A-8214-4370-B316-EE805607A0EF}.Debug|iPhoneSimulator.ActiveCfg = Debug|iPhoneSimulator
		{6E45951A-8214-4370-B316-EE805607A0EF}.Debug|iPhoneSimulator.Build.0 = Debug|iPhoneSimulator
		{6E45951A-8214-4370-B316-EE805607A0EF}.Debug|iPhoneSimulator.Deploy.0 = Debug|iPhoneSimulator
		{6E45951A-8214-4370-B316-EE805607A0EF}.Release|Any CPU.ActiveCfg = Release|iPhone
		{6E45951A-8214-4370-B316-EE805607A0EF}.Release|Any CPU.Build.0 = Release|iPhone
		{6E45951A-8214-4370-B316-EE805607A0EF}.Release|Any CPU.Deploy.0 = Release|iPhone
		{6E45951A-8214-4370-B316-EE805607A0EF}.Release|iPhone.ActiveCfg = Release|iPhone
		{6E45951A-8214-4370-B316-EE805607A0EF}.Release|iPhone.Build.0 = Release|iPhone
		{6E45951A-8214-4370-B316-EE805607A0EF}.Release|iPhone.Deploy.0 = Release|iPhone
		{6E45951A-8214-4370-B316-EE805607A0EF}.Release|iPhoneSimulator.ActiveCfg = Release|iPhoneSimulator
		{6E45951A-8214-4370-B316-EE805607A0EF}.Release|iPhoneSimulator.Build.0 = Release|iPhoneSimulator
		{6E45951A-8214-4370-B316-EE805607A0EF}.Release|iPhoneSimulator.Deploy.0 = Release|iPhoneSimulator
		{9CD5268F-2832-468C-AF3D-562D7316D6FE}.Ad-Hoc|Any CPU.ActiveCfg = Debug|Any CPU
		{9CD5268F-2832-468C-AF3D-562D7316D6FE}.Ad-Hoc|Any CPU.Build.0 = Debug|Any CPU
		{9CD5268F-2832-468C-AF3D-562D7316D6FE}.Ad-Hoc|Any CPU.Deploy.0 = Debug|Any CPU
		{9CD5268F-2832-468C-AF3D-562D7316D6FE}.Ad-Hoc|iPhone.ActiveCfg = Debug|Any CPU
		{9CD5268F-2832-468C-AF3D-562D7316D6FE}.Ad-Hoc|iPhone.Build.0 = Debug|Any CPU
		{9CD5268F-2832-468C-AF3D-562D7316D6FE}.Ad-Hoc|iPhone.Deploy.0 = Debug|Any CPU
		{9CD5268F-2832-468C-AF3D-562D7316D6FE}.Ad-Hoc|iPhoneSimulator.ActiveCfg = Debug|Any CPU
		{9CD5268F-2832-468C-AF3D-562D7316D6FE}.Ad-Hoc|iPhoneSimulator.Build.0 = Debug|Any CPU
		{9CD5268F-2832-468C-AF3D-562D7316D6FE}.Ad-Hoc|iPhoneSimulator.Deploy.0 = Debug|Any CPU
		{9CD5268F-2832-468C-AF3D-562D7316D6FE}.AppStore|Any CPU.ActiveCfg = Debug|Any CPU
		{9CD5268F-2832-468C-AF3D-562D7316D6FE}.AppStore|Any CPU.Build.0 = Debug|Any CPU
		{9CD5268F-2832-468C-AF3D-562D7316D6FE}.AppStore|Any CPU.Deploy.0 = Debug|Any CPU
		{9CD5268F-2832-468C-AF3D-562D7316D6FE}.AppStore|iPhone.ActiveCfg = Debug|Any CPU
		{9CD5268F-2832-468C-AF3D-562D7316D6FE}.AppStore|iPhone.Build.0 = Debug|Any CPU
		{9CD5268F-2832-468C-AF3D-562D7316D6FE}.AppStore|iPhone.Deploy.0 = Debug|Any CPU
		{9CD5268F-2832-468C-AF3D-562D7316D6FE}.AppStore|iPhoneSimulator.ActiveCfg = Debug|Any CPU
		{9CD5268F-2832-468C-AF3D-562D7316D6FE}.AppStore|iPhoneSimulator.Build.0 = Debug|Any CPU
		{9CD5268F-2832-468C-AF3D-562D7316D6FE}.AppStore|iPhoneSimulator.Deploy.0 = Debug|Any CPU
		{9CD5268F-2832-468C-AF3D-562D7316D6FE}.Debug|Any CPU.ActiveCfg = Debug|Any CPU
		{9CD5268F-2832-468C-AF3D-562D7316D6FE}.Debug|Any CPU.Build.0 = Debug|Any CPU
		{9CD5268F-2832-468C-AF3D-562D7316D6FE}.Debug|Any CPU.Deploy.0 = Debug|Any CPU
		{9CD5268F-2832-468C-AF3D-562D7316D6FE}.Debug|iPhone.ActiveCfg = Debug|Any CPU
		{9CD5268F-2832-468C-AF3D-562D7316D6FE}.Debug|iPhone.Build.0 = Debug|Any CPU
		{9CD5268F-2832-468C-AF3D-562D7316D6FE}.Debug|iPhone.Deploy.0 = Debug|Any CPU
		{9CD5268F-2832-468C-AF3D-562D7316D6FE}.Debug|iPhoneSimulator.ActiveCfg = Debug|Any CPU
		{9CD5268F-2832-468C-AF3D-562D7316D6FE}.Debug|iPhoneSimulator.Build.0 = Debug|Any CPU
		{9CD5268F-2832-468C-AF3D-562D7316D6FE}.Debug|iPhoneSimulator.Deploy.0 = Debug|Any CPU
		{9CD5268F-2832-468C-AF3D-562D7316D6FE}.Release|Any CPU.ActiveCfg = Release|Any CPU
		{9CD5268F-2832-468C-AF3D-562D7316D6FE}.Release|Any CPU.Build.0 = Release|Any CPU
		{9CD5268F-2832-468C-AF3D-562D7316D6FE}.Release|Any CPU.Deploy.0 = Release|Any CPU
		{9CD5268F-2832-468C-AF3D-562D7316D6FE}.Release|iPhone.ActiveCfg = Release|Any CPU
		{9CD5268F-2832-468C-AF3D-562D7316D6FE}.Release|iPhone.Build.0 = Release|Any CPU
		{9CD5268F-2832-468C-AF3D-562D7316D6FE}.Release|iPhone.Deploy.0 = Release|Any CPU
		{9CD5268F-2832-468C-AF3D-562D7316D6FE}.Release|iPhoneSimulator.ActiveCfg = Release|Any CPU
		{9CD5268F-2832-468C-AF3D-562D7316D6FE}.Release|iPhoneSimulator.Build.0 = Release|Any CPU
		{9CD5268F-2832-468C-AF3D-562D7316D6FE}.Release|iPhoneSimulator.Deploy.0 = Release|Any CPU
	EndGlobalSection
	GlobalSection(SolutionProperties) = preSolution
		HideSolutionNode = FALSE
	EndGlobalSection
	GlobalSection(ExtensibilityGlobals) = postSolution
		SolutionGuid = {BDE6E896-D35C-46CB-8801-D1C2FFD8E1A7}
	EndGlobalSection
EndGlobal
